schema: '2.0'
stages:
  data_preparation:
    cmd: python src/stage_01_prepare_data.py
    deps:
    - path: data/data.xml
      md5: a304afb96060aad90176268345e10355
      size: 37916850
    - path: src/stage_01_prepare_data.py
      md5: fb96730e40c2ccb090aaccf9750609f7
      size: 2284
    - path: src/utils
      md5: 966eeb5f3706459b0c651b9db129d0e4.dir
      size: 6490
      nfiles: 6
    outs:
    - path: artifacts/prepared
      md5: dc639257fd7e43c167de7349d66763c4.dir
      size: 23886351
      nfiles: 2
  featurization:
    cmd: python src/stage_02_featurization.py
    deps:
    - path: artifacts/prepared
      md5: dc639257fd7e43c167de7349d66763c4.dir
      size: 23886351
      nfiles: 2
    - path: src/stage_02_featurization.py
      md5: cae35c6e9a78a8d90fea50b3297d1bfb
      size: 3190
    - path: src/utils
      md5: 966eeb5f3706459b0c651b9db129d0e4.dir
      size: 6490
      nfiles: 6
    outs:
    - path: artifacts/features
      md5: a563ea56a4687403e2709810a4e810d9.dir
      size: 12272600
      nfiles: 2
